// !$*UTF8*$!
{
	archiveVersion = 1;
	classes = {
	};
	objectVersion = 46;
	objects = {

/* Begin PBXBuildFile section */
		5EBF4CCB188310490055BED4 /* Foundation.framework in Frameworks */ = {isa = PBXBuildFile; fileRef = 5EBF4CCA188310490055BED4 /* Foundation.framework */; };
		5EBF4CCD188310490055BED4 /* CoreGraphics.framework in Frameworks */ = {isa = PBXBuildFile; fileRef = 5EBF4CCC188310490055BED4 /* CoreGraphics.framework */; };
		5EBF4CCF188310490055BED4 /* UIKit.framework in Frameworks */ = {isa = PBXBuildFile; fileRef = 5EBF4CCE188310490055BED4 /* UIKit.framework */; };
		5EBF4CD1188310490055BED4 /* CoreData.framework in Frameworks */ = {isa = PBXBuildFile; fileRef = 5EBF4CD0188310490055BED4 /* CoreData.framework */; };
		5EBF4CD7188310490055BED4 /* InfoPlist.strings in Resources */ = {isa = PBXBuildFile; fileRef = 5EBF4CD5188310490055BED4 /* InfoPlist.strings */; };
		5EBF4CD9188310490055BED4 /* main.m in Sources */ = {isa = PBXBuildFile; fileRef = 5EBF4CD8188310490055BED4 /* main.m */; };
		5EBF4CDD188310490055BED4 /* ASHAppDelegate.m in Sources */ = {isa = PBXBuildFile; fileRef = 5EBF4CDC188310490055BED4 /* ASHAppDelegate.m */; };
		5EBF4CE0188310490055BED4 /* Main.storyboard in Resources */ = {isa = PBXBuildFile; fileRef = 5EBF4CDE188310490055BED4 /* Main.storyboard */; };
		5EBF4CE3188310490055BED4 /* FunctionalReactiveDemo.xcdatamodeld in Sources */ = {isa = PBXBuildFile; fileRef = 5EBF4CE1188310490055BED4 /* FunctionalReactiveDemo.xcdatamodeld */; };
		5EBF4CE6188310490055BED4 /* ASHMasterViewController.m in Sources */ = {isa = PBXBuildFile; fileRef = 5EBF4CE5188310490055BED4 /* ASHMasterViewController.m */; };
		5EBF4CE9188310490055BED4 /* ASHDetailViewController.m in Sources */ = {isa = PBXBuildFile; fileRef = 5EBF4CE8188310490055BED4 /* ASHDetailViewController.m */; };
		5EBF4CEB188310490055BED4 /* Images.xcassets in Resources */ = {isa = PBXBuildFile; fileRef = 5EBF4CEA188310490055BED4 /* Images.xcassets */; };
		5EBF4CF2188310490055BED4 /* XCTest.framework in Frameworks */ = {isa = PBXBuildFile; fileRef = 5EBF4CF1188310490055BED4 /* XCTest.framework */; };
		5EBF4CF3188310490055BED4 /* Foundation.framework in Frameworks */ = {isa = PBXBuildFile; fileRef = 5EBF4CCA188310490055BED4 /* Foundation.framework */; };
		5EBF4CF4188310490055BED4 /* UIKit.framework in Frameworks */ = {isa = PBXBuildFile; fileRef = 5EBF4CCE188310490055BED4 /* UIKit.framework */; };
		5EBF4CF5188310490055BED4 /* CoreData.framework in Frameworks */ = {isa = PBXBuildFile; fileRef = 5EBF4CD0188310490055BED4 /* CoreData.framework */; };
		5EBF4CFD188310490055BED4 /* InfoPlist.strings in Resources */ = {isa = PBXBuildFile; fileRef = 5EBF4CFB188310490055BED4 /* InfoPlist.strings */; };
		5EBF4CFF188310490055BED4 /* FunctionalReactiveDemoTests.m in Sources */ = {isa = PBXBuildFile; fileRef = 5EBF4CFE188310490055BED4 /* FunctionalReactiveDemoTests.m */; };
/* End PBXBuildFile section */

/* Begin PBXContainerItemProxy section */
		5EBF4CF6188310490055BED4 /* PBXContainerItemProxy */ = {
			isa = PBXContainerItemProxy;
			containerPortal = 5EBF4CBF188310490055BED4 /* Project object */;
			proxyType = 1;
			remoteGlobalIDString = 5EBF4CC6188310490055BED4;
			remoteInfo = FunctionalReactiveDemo;
		};
/* End PBXContainerItemProxy section */

/* Begin PBXFileReference section */
		5EBF4CC7188310490055BED4 /* FunctionalReactiveDemo.app */ = {isa = PBXFileReference; explicitFileType = wrapper.application; includeInIndex = 0; path = FunctionalReactiveDemo.app; sourceTree = BUILT_PRODUCTS_DIR; };
		5EBF4CCA188310490055BED4 /* Foundation.framework */ = {isa = PBXFileReference; lastKnownFileType = wrapper.framework; name = Foundation.framework; path = System/Library/Frameworks/Foundation.framework; sourceTree = SDKROOT; };
		5EBF4CCC188310490055BED4 /* CoreGraphics.framework */ = {isa = PBXFileReference; lastKnownFileType = wrapper.framework; name = CoreGraphics.framework; path = System/Library/Frameworks/CoreGraphics.framework; sourceTree = SDKROOT; };
		5EBF4CCE188310490055BED4 /* UIKit.framework */ = {isa = PBXFileReference; lastKnownFileType = wrapper.framework; name = UIKit.framework; path = System/Library/Frameworks/UIKit.framework; sourceTree = SDKROOT; };
		5EBF4CD0188310490055BED4 /* CoreData.framework */ = {isa = PBXFileReference; lastKnownFileType = wrapper.framework; name = CoreData.framework; path = System/Library/Frameworks/CoreData.framework; sourceTree = SDKROOT; };
		5EBF4CD4188310490055BED4 /* FunctionalReactiveDemo-Info.plist */ = {isa = PBXFileReference; lastKnownFileType = text.plist.xml; path = "FunctionalReactiveDemo-Info.plist"; sourceTree = "<group>"; };
		5EBF4CD6188310490055BED4 /* en */ = {isa = PBXFileReference; lastKnownFileType = text.plist.strings; name = en; path = en.lproj/InfoPlist.strings; sourceTree = "<group>"; };
		5EBF4CD8188310490055BED4 /* main.m */ = {isa = PBXFileReference; lastKnownFileType = sourcecode.c.objc; path = main.m; sourceTree = "<group>"; };
		5EBF4CDA188310490055BED4 /* FunctionalReactiveDemo-Prefix.pch */ = {isa = PBXFileReference; lastKnownFileType = sourcecode.c.h; path = "FunctionalReactiveDemo-Prefix.pch"; sourceTree = "<group>"; };
		5EBF4CDB188310490055BED4 /* ASHAppDelegate.h */ = {isa = PBXFileReference; lastKnownFileType = sourcecode.c.h; path = ASHAppDelegate.h; sourceTree = "<group>"; };
		5EBF4CDC188310490055BED4 /* ASHAppDelegate.m */ = {isa = PBXFileReference; lastKnownFileType = sourcecode.c.objc; path = ASHAppDelegate.m; sourceTree = "<group>"; };
		5EBF4CDF188310490055BED4 /* Base */ = {isa = PBXFileReference; lastKnownFileType = file.storyboard; name = Base; path = Base.lproj/Main.storyboard; sourceTree = "<group>"; };
		5EBF4CE2188310490055BED4 /* FunctionalReactiveDemo.xcdatamodel */ = {isa = PBXFileReference; lastKnownFileType = wrapper.xcdatamodel; path = FunctionalReactiveDemo.xcdatamodel; sourceTree = "<group>"; };
		5EBF4CE4188310490055BED4 /* ASHMasterViewController.h */ = {isa = PBXFileReference; lastKnownFileType = sourcecode.c.h; path = ASHMasterViewController.h; sourceTree = "<group>"; };
		5EBF4CE5188310490055BED4 /* ASHMasterViewController.m */ = {isa = PBXFileReference; lastKnownFileType = sourcecode.c.objc; path = ASHMasterViewController.m; sourceTree = "<group>"; };
		5EBF4CE7188310490055BED4 /* ASHDetailViewController.h */ = {isa = PBXFileReference; lastKnownFileType = sourcecode.c.h; path = ASHDetailViewController.h; sourceTree = "<group>"; };
		5EBF4CE8188310490055BED4 /* ASHDetailViewController.m */ = {isa = PBXFileReference; lastKnownFileType = sourcecode.c.objc; path = ASHDetailViewController.m; sourceTree = "<group>"; };
		5EBF4CEA188310490055BED4 /* Images.xcassets */ = {isa = PBXFileReference; lastKnownFileType = folder.assetcatalog; path = Images.xcassets; sourceTree = "<group>"; };
		5EBF4CF0188310490055BED4 /* FunctionalReactiveDemoTests.xctest */ = {isa = PBXFileReference; explicitFileType = wrapper.cfbundle; includeInIndex = 0; path = FunctionalReactiveDemoTests.xctest; sourceTree = BUILT_PRODUCTS_DIR; };
		5EBF4CF1188310490055BED4 /* XCTest.framework */ = {isa = PBXFileReference; lastKnownFileType = wrapper.framework; name = XCTest.framework; path = Library/Frameworks/XCTest.framework; sourceTree = DEVELOPER_DIR; };
		5EBF4CFA188310490055BED4 /* FunctionalReactiveDemoTests-Info.plist */ = {isa = PBXFileReference; lastKnownFileType = text.plist.xml; path = "FunctionalReactiveDemoTests-Info.plist"; sourceTree = "<group>"; };
		5EBF4CFC188310490055BED4 /* en */ = {isa = PBXFileReference; lastKnownFileType = text.plist.strings; name = en; path = en.lproj/InfoPlist.strings; sourceTree = "<group>"; };
		5EBF4CFE188310490055BED4 /* FunctionalReactiveDemoTests.m */ = {isa = PBXFileReference; lastKnownFileType = sourcecode.c.objc; path = FunctionalReactiveDemoTests.m; sourceTree = "<group>"; };
/* End PBXFileReference section */

/* Begin PBXFrameworksBuildPhase section */
		5EBF4CC4188310490055BED4 /* Frameworks */ = {
			isa = PBXFrameworksBuildPhase;
			buildActionMask = 2147483647;
			files = (
				5EBF4CCD188310490055BED4 /* CoreGraphics.framework in Frameworks */,
				5EBF4CD1188310490055BED4 /* CoreData.framework in Frameworks */,
				5EBF4CCF188310490055BED4 /* UIKit.framework in Frameworks */,
				5EBF4CCB188310490055BED4 /* Foundation.framework in Frameworks */,
			);
			runOnlyForDeploymentPostprocessing = 0;
		};
		5EBF4CED188310490055BED4 /* Frameworks */ = {
			isa = PBXFrameworksBuildPhase;
			buildActionMask = 2147483647;
			files = (
				5EBF4CF2188310490055BED4 /* XCTest.framework in Frameworks */,
				5EBF4CF5188310490055BED4 /* CoreData.framework in Frameworks */,
				5EBF4CF4188310490055BED4 /* UIKit.framework in Frameworks */,
				5EBF4CF3188310490055BED4 /* Foundation.framework in Frameworks */,
			);
			runOnlyForDeploymentPostprocessing = 0;
		};
/* End PBXFrameworksBuildPhase section */

/* Begin PBXGroup section */
		5EBF4CBE188310490055BED4 = {
			isa = PBXGroup;
			children = (
				5EBF4CD2188310490055BED4 /* FunctionalReactiveDemo */,
				5EBF4CF8188310490055BED4 /* FunctionalReactiveDemoTests */,
				5EBF4CC9188310490055BED4 /* Frameworks */,
				5EBF4CC8188310490055BED4 /* Products */,
			);
			sourceTree = "<group>";
		};
		5EBF4CC8188310490055BED4 /* Products */ = {
			isa = PBXGroup;
			children = (
				5EBF4CC7188310490055BED4 /* FunctionalReactiveDemo.app */,
				5EBF4CF0188310490055BED4 /* FunctionalReactiveDemoTests.xctest */,
			);
			name = Products;
			sourceTree = "<group>";
		};
		5EBF4CC9188310490055BED4 /* Frameworks */ = {
			isa = PBXGroup;
			children = (
				5EBF4CCA188310490055BED4 /* Foundation.framework */,
				5EBF4CCC188310490055BED4 /* CoreGraphics.framework */,
				5EBF4CCE188310490055BED4 /* UIKit.framework */,
				5EBF4CD0188310490055BED4 /* CoreData.framework */,
				5EBF4CF1188310490055BED4 /* XCTest.framework */,
			);
			name = Frameworks;
			sourceTree = "<group>";
		};
		5EBF4CD2188310490055BED4 /* FunctionalReactiveDemo */ = {
			isa = PBXGroup;
			children = (
				5EBF4CDB188310490055BED4 /* ASHAppDelegate.h */,
				5EBF4CDC188310490055BED4 /* ASHAppDelegate.m */,
				5EBF4CDE188310490055BED4 /* Main.storyboard */,
				5EBF4CE4188310490055BED4 /* ASHMasterViewController.h */,
				5EBF4CE5188310490055BED4 /* ASHMasterViewController.m */,
				5EBF4CE7188310490055BED4 /* ASHDetailViewController.h */,
				5EBF4CE8188310490055BED4 /* ASHDetailViewController.m */,
				5EBF4CEA188310490055BED4 /* Images.xcassets */,
				5EBF4CE1188310490055BED4 /* FunctionalReactiveDemo.xcdatamodeld */,
				5EBF4CD3188310490055BED4 /* Supporting Files */,
			);
			path = FunctionalReactiveDemo;
			sourceTree = "<group>";
		};
		5EBF4CD3188310490055BED4 /* Supporting Files */ = {
			isa = PBXGroup;
			children = (
				5EBF4CD4188310490055BED4 /* FunctionalReactiveDemo-Info.plist */,
				5EBF4CD5188310490055BED4 /* InfoPlist.strings */,
				5EBF4CD8188310490055BED4 /* main.m */,
				5EBF4CDA188310490055BED4 /* FunctionalReactiveDemo-Prefix.pch */,
			);
			name = "Supporting Files";
			sourceTree = "<group>";
		};
		5EBF4CF8188310490055BED4 /* FunctionalReactiveDemoTests */ = {
			isa = PBXGroup;
			children = (
				5EBF4CFE188310490055BED4 /* FunctionalReactiveDemoTests.m */,
				5EBF4CF9188310490055BED4 /* Supporting Files */,
			);
			path = FunctionalReactiveDemoTests;
			sourceTree = "<group>";
		};
		5EBF4CF9188310490055BED4 /* Supporting Files */ = {
			isa = PBXGroup;
			children = (
				5EBF4CFA188310490055BED4 /* FunctionalReactiveDemoTests-Info.plist */,
				5EBF4CFB188310490055BED4 /* InfoPlist.strings */,
			);
			name = "Supporting Files";
			sourceTree = "<group>";
		};
/* End PBXGroup section */

/* Begin PBXNativeTarget section */
		5EBF4CC6188310490055BED4 /* FunctionalReactiveDemo */ = {
			isa = PBXNativeTarget;
			buildConfigurationList = 5EBF4D02188310490055BED4 /* Build configuration list for PBXNativeTarget "FunctionalReactiveDemo" */;
			buildPhases = (
				5EBF4CC3188310490055BED4 /* Sources */,
				5EBF4CC4188310490055BED4 /* Frameworks */,
				5EBF4CC5188310490055BED4 /* Resources */,
			);
			buildRules = (
			);
			dependencies = (
			);
			name = FunctionalReactiveDemo;
			productName = FunctionalReactiveDemo;
			productReference = 5EBF4CC7188310490055BED4 /* FunctionalReactiveDemo.app */;
			productType = "com.apple.product-type.application";
		};
		5EBF4CEF188310490055BED4 /* FunctionalReactiveDemoTests */ = {
			isa = PBXNativeTarget;
			buildConfigurationList = 5EBF4D05188310490055BED4 /* Build configuration list for PBXNativeTarget "FunctionalReactiveDemoTests" */;
			buildPhases = (
				5EBF4CEC188310490055BED4 /* Sources */,
				5EBF4CED188310490055BED4 /* Frameworks */,
				5EBF4CEE188310490055BED4 /* Resources */,
			);
			buildRules = (
			);
			dependencies = (
				5EBF4CF7188310490055BED4 /* PBXTargetDependency */,
			);
			name = FunctionalReactiveDemoTests;
			productName = FunctionalReactiveDemoTests;
			productReference = 5EBF4CF0188310490055BED4 /* FunctionalReactiveDemoTests.xctest */;
			productType = "com.apple.product-type.bundle.unit-test";
		};
/* End PBXNativeTarget section */

/* Begin PBXProject section */
		5EBF4CBF188310490055BED4 /* Project object */ = {
			isa = PBXProject;
			attributes = {
				CLASSPREFIX = ASH;
				LastUpgradeCheck = 0500;
				ORGANIZATIONNAME = "Ash Furrow";
				TargetAttributes = {
					5EBF4CEF188310490055BED4 = {
						TestTargetID = 5EBF4CC6188310490055BED4;
					};
				};
			};
			buildConfigurationList = 5EBF4CC2188310490055BED4 /* Build configuration list for PBXProject "FunctionalReactiveDemo" */;
			compatibilityVersion = "Xcode 3.2";
			developmentRegion = English;
			hasScannedForEncodings = 0;
			knownRegions = (
				en,
				Base,
			);
			mainGroup = 5EBF4CBE188310490055BED4;
			productRefGroup = 5EBF4CC8188310490055BED4 /* Products */;
			projectDirPath = "";
			projectRoot = "";
			targets = (
				5EBF4CC6188310490055BED4 /* FunctionalReactiveDemo */,
				5EBF4CEF188310490055BED4 /* FunctionalReactiveDemoTests */,
			);
		};
/* End PBXProject section */

/* Begin PBXResourcesBuildPhase section */
		5EBF4CC5188310490055BED4 /* Resources */ = {
			isa = PBXResourcesBuildPhase;
			buildActionMask = 2147483647;
			files = (
				5EBF4CEB188310490055BED4 /* Images.xcassets in Resources */,
				5EBF4CD7188310490055BED4 /* InfoPlist.strings in Resources */,
				5EBF4CE0188310490055BED4 /* Main.storyboard in Resources */,
			);
			runOnlyForDeploymentPostprocessing = 0;
		};
		5EBF4CEE188310490055BED4 /* Resources */ = {
			isa = PBXResourcesBuildPhase;
			buildActionMask = 2147483647;
			files = (
				5EBF4CFD188310490055BED4 /* InfoPlist.strings in Resources */,
			);
			runOnlyForDeploymentPostprocessing = 0;
		};
/* End PBXResourcesBuildPhase section */

/* Begin PBXSourcesBuildPhase section */
		5EBF4CC3188310490055BED4 /* Sources */ = {
			isa = PBXSourcesBuildPhase;
			buildActionMask = 2147483647;
			files = (
				5EBF4CD9188310490055BED4 /* main.m in Sources */,
				5EBF4CDD188310490055BED4 /* ASHAppDelegate.m in Sources */,
				5EBF4CE3188310490055BED4 /* FunctionalReactiveDemo.xcdatamodeld in Sources */,
				5EBF4CE9188310490055BED4 /* ASHDetailViewController.m in Sources */,
				5EBF4CE6188310490055BED4 /* ASHMasterViewController.m in Sources */,
			);
			runOnlyForDeploymentPostprocessing = 0;
		};
		5EBF4CEC188310490055BED4 /* Sources */ = {
			isa = PBXSourcesBuildPhase;
			buildActionMask = 2147483647;
			files = (
				5EBF4CFF188310490055BED4 /* FunctionalReactiveDemoTests.m in Sources */,
			);
			runOnlyForDeploymentPostprocessing = 0;
		};
/* End PBXSourcesBuildPhase section */

/* Begin PBXTargetDependency section */
		5EBF4CF7188310490055BED4 /* PBXTargetDependency */ = {
			isa = PBXTargetDependency;
			target = 5EBF4CC6188310490055BED4 /* FunctionalReactiveDemo */;
			targetProxy = 5EBF4CF6188310490055BED4 /* PBXContainerItemProxy */;
		};
/* End PBXTargetDependency section */

/* Begin PBXVariantGroup section */
		5EBF4CD5188310490055BED4 /* InfoPlist.strings */ = {
			isa = PBXVariantGroup;
			children = (
				5EBF4CD6188310490055BED4 /* en */,
			);
			name = InfoPlist.strings;
			sourceTree = "<group>";
		};
		5EBF4CDE188310490055BED4 /* Main.storyboard */ = {
			isa = PBXVariantGroup;
			children = (
				5EBF4CDF188310490055BED4 /* Base */,
			);
			name = Main.storyboard;
			sourceTree = "<group>";
		};
		5EBF4CFB188310490055BED4 /* InfoPlist.strings */ = {
			isa = PBXVariantGroup;
			children = (
				5EBF4CFC188310490055BED4 /* en */,
			);
			name = InfoPlist.strings;
			sourceTree = "<group>";
		};
/* End PBXVariantGroup section */

/* Begin XCBuildConfiguration section */
		5EBF4D00188310490055BED4 /* Debug */ = {
			isa = XCBuildConfiguration;
			buildSettings = {
				ALWAYS_SEARCH_USER_PATHS = NO;
				ARCHS = "$(ARCHS_STANDARD_INCLUDING_64_BIT)";
				CLANG_CXX_LANGUAGE_STANDARD = "gnu++0x";
				CLANG_CXX_LIBRARY = "libc++";
				CLANG_ENABLE_MODULES = YES;
				CLANG_ENABLE_OBJC_ARC = YES;
				CLANG_WARN_BOOL_CONVERSION = YES;
				CLANG_WARN_CONSTANT_CONVERSION = YES;
				CLANG_WARN_DIRECT_OBJC_ISA_USAGE = YES_ERROR;
				CLANG_WARN_EMPTY_BODY = YES;
				CLANG_WARN_ENUM_CONVERSION = YES;
				CLANG_WARN_INT_CONVERSION = YES;
				CLANG_WARN_OBJC_ROOT_CLASS = YES_ERROR;
				CLANG_WARN__DUPLICATE_METHOD_MATCH = YES;
				"CODE_SIGN_IDENTITY[sdk=iphoneos*]" = "iPhone Developer";
				COPY_PHASE_STRIP = NO;
				GCC_C_LANGUAGE_STANDARD = gnu99;
				GCC_DYNAMIC_NO_PIC = NO;
				GCC_OPTIMIZATION_LEVEL = 0;
				GCC_PREPROCESSOR_DEFINITIONS = (
					"DEBUG=1",
					"$(inherited)",
				);
				GCC_SYMBOLS_PRIVATE_EXTERN = NO;
				GCC_WARN_64_TO_32_BIT_CONVERSION = YES;
				GCC_WARN_ABOUT_RETURN_TYPE = YES_ERROR;
				GCC_WARN_UNDECLARED_SELECTOR = YES;
				GCC_WARN_UNINITIALIZED_AUTOS = YES;
				GCC_WARN_UNUSED_FUNCTION = YES;
				GCC_WARN_UNUSED_VARIABLE = YES;
				IPHONEOS_DEPLOYMENT_TARGET = 7.0;
				ONLY_ACTIVE_ARCH = YES;
				SDKROOT = iphoneos;
			};
			name = Debug;
		};
		5EBF4D01188310490055BED4 /* Release */ = {
			isa = XCBuildConfiguration;
			buildSettings = {
				ALWAYS_SEARCH_USER_PATHS = NO;
				ARCHS = "$(ARCHS_STANDARD_INCLUDING_64_BIT)";
				CLANG_CXX_LANGUAGE_STANDARD = "gnu++0x";
				CLANG_CXX_LIBRARY = "libc++";
				CLANG_ENABLE_MODULES = YES;
				CLANG_ENABLE_OBJC_ARC = YES;
				CLANG_WARN_BOOL_CONVERSION = YES;
				CLANG_WARN_CONSTANT_CONVERSION = YES;
				CLANG_WARN_DIRECT_OBJC_ISA_USAGE = YES_ERROR;
				CLANG_WARN_EMPTY_BODY = YES;
				CLANG_WARN_ENUM_CONVERSION = YES;
				CLANG_WARN_INT_CONVERSION = YES;
				CLANG_WARN_OBJC_ROOT_CLASS = YES_ERROR;
				CLANG_WARN__DUPLICATE_METHOD_MATCH = YES;
				"CODE_SIGN_IDENTITY[sdk=iphoneos*]" = "iPhone Developer";
				COPY_PHASE_STRIP = YES;
				ENABLE_NS_ASSERTIONS = NO;
				GCC_C_LANGUAGE_STANDARD = gnu99;
				GCC_WARN_64_TO_32_BIT_CONVERSION = YES;
				GCC_WARN_ABOUT_RETURN_TYPE = YES_ERROR;
				GCC_WARN_UNDECLARED_SELECTOR = YES;
				GCC_WARN_UNINITIALIZED_AUTOS = YES;
				GCC_WARN_UNUSED_FUNCTION = YES;
				GCC_WARN_UNUSED_VARIABLE = YES;
				IPHONEOS_DEPLOYMENT_TARGET = 7.0;
				SDKROOT = iphoneos;
				VALIDATE_PRODUCT = YES;
			};
			name = Release;
		};
		5EBF4D03188310490055BED4 /* Debug */ = {
			isa = XCBuildConfiguration;
			buildSettings = {
				ASSETCATALOG_COMPILER_APPICON_NAME = AppIcon;
				ASSETCATALOG_COMPILER_LAUNCHIMAGE_NAME = LaunchImage;
				GCC_PRECOMPILE_PREFIX_HEADER = YES;
				GCC_PREFIX_HEADER = "FunctionalReactiveDemo/FunctionalReactiveDemo-Prefix.pch";
				INFOPLIST_FILE = "FunctionalReactiveDemo/FunctionalReactiveDemo-Info.plist";
				PRODUCT_NAME = "$(TARGET_NAME)";
				WRAPPER_EXTENSION = app;
			};
			name = Debug;
		};
		5EBF4D04188310490055BED4 /* Release */ = {
			isa = XCBuildConfiguration;
			buildSettings = {
				ASSETCATALOG_COMPILER_APPICON_NAME = AppIcon;
				ASSETCATALOG_COMPILER_LAUNCHIMAGE_NAME = LaunchImage;
				GCC_PRECOMPILE_PREFIX_HEADER = YES;
				GCC_PREFIX_HEADER = "FunctionalReactiveDemo/FunctionalReactiveDemo-Prefix.pch";
				INFOPLIST_FILE = "FunctionalReactiveDemo/FunctionalReactiveDemo-Info.plist";
				PRODUCT_NAME = "$(TARGET_NAME)";
				WRAPPER_EXTENSION = app;
			};
			name = Release;
		};
		5EBF4D06188310490055BED4 /* Debug */ = {
			isa = XCBuildConfiguration;
			buildSettings = {
				ARCHS = "$(ARCHS_STANDARD_INCLUDING_64_BIT)";
				BUNDLE_LOADER = "$(BUILT_PRODUCTS_DIR)/FunctionalReactiveDemo.app/FunctionalReactiveDemo";
				FRAMEWORK_SEARCH_PATHS = (
					"$(SDKROOT)/Developer/Library/Frameworks",
					"$(inherited)",
					"$(DEVELOPER_FRAMEWORKS_DIR)",
				);
				GCC_PRECOMPILE_PREFIX_HEADER = YES;
				GCC_PREFIX_HEADER = "FunctionalReactiveDemo/FunctionalReactiveDemo-Prefix.pch";
				GCC_PREPROCESSOR_DEFINITIONS = (
					"DEBUG=1",
					"$(inherited)",
				);
				INFOPLIST_FILE = "FunctionalReactiveDemoTests/FunctionalReactiveDemoTests-Info.plist";
				PRODUCT_NAME = "$(TARGET_NAME)";
				TEST_HOST = "$(BUNDLE_LOADER)";
				WRAPPER_EXTENSION = xctest;
			};
			name = Debug;
		};
		5EBF4D07188310490055BED4 /* Release */ = {
			isa = XCBuildConfiguration;
			buildSettings = {
				ARCHS = "$(ARCHS_STANDARD_INCLUDING_64_BIT)";
				BUNDLE_LOADER = "$(BUILT_PRODUCTS_DIR)/FunctionalReactiveDemo.app/FunctionalReactiveDemo";
				FRAMEWORK_SEARCH_PATHS = (
					"$(SDKROOT)/Developer/Library/Frameworks",
					"$(inherited)",
					"$(DEVELOPER_FRAMEWORKS_DIR)",
				);
				GCC_PRECOMPILE_PREFIX_HEADER = YES;
				GCC_PREFIX_HEADER = "FunctionalReactiveDemo/FunctionalReactiveDemo-Prefix.pch";
				INFOPLIST_FILE = "FunctionalReactiveDemoTests/FunctionalReactiveDemoTests-Info.plist";
				PRODUCT_NAME = "$(TARGET_NAME)";
				TEST_HOST = "$(BUNDLE_LOADER)";
				WRAPPER_EXTENSION = xctest;
			};
			name = Release;
		};
/* End XCBuildConfiguration section */

/* Begin XCConfigurationList section */
		5EBF4CC2188310490055BED4 /* Build configuration list for PBXProject "FunctionalReactiveDemo" */ = {
			isa = XCConfigurationList;
			buildConfigurations = (
				5EBF4D00188310490055BED4 /* Debug */,
				5EBF4D01188310490055BED4 /* Release */,
			);
			defaultConfigurationIsVisible = 0;
			defaultConfigurationName = Release;
		};
		5EBF4D02188310490055BED4 /* Build configuration list for PBXNativeTarget "FunctionalReactiveDemo" */ = {
			isa = XCConfigurationList;
			buildConfigurations = (
				5EBF4D03188310490055BED4 /* Debug */,
				5EBF4D04188310490055BED4 /* Release */,
			);
			defaultConfigurationIsVisible = 0;
		};
		5EBF4D05188310490055BED4 /* Build configuration list for PBXNativeTarget "FunctionalReactiveDemoTests" */ = {
			isa = XCConfigurationList;
			buildConfigurations = (
				5EBF4D06188310490055BED4 /* Debug */,
				5EBF4D07188310490055BED4 /* Release */,
			);
			defaultConfigurationIsVisible = 0;
		};
/* End XCConfigurationList section */

/* Begin XCVersionGroup section */
		5EBF4CE1188310490055BED4 /* FunctionalReactiveDemo.xcdatamodeld */ = {
			isa = XCVersionGroup;
			children = (
				5EBF4CE2188310490055BED4 /* FunctionalReactiveDemo.xcdatamodel */,
			);
			currentVersion = 5EBF4CE2188310490055BED4 /* FunctionalReactiveDemo.xcdatamodel */;
			path = FunctionalReactiveDemo.xcdatamodeld;
			sourceTree = "<group>";
			versionGroupType = wrapper.xcdatamodel;
		};
/* End XCVersionGroup section */
	};
	rootObject = 5EBF4CBF188310490055BED4 /* Project object */;
}
